
Microsoft Visual Studio Solution File, Format Version 12.00
# Visual Studio Version 16
VisualStudioVersion = 25.0.1706.1
MinimumVisualStudioVersion = 10.0.40219.1
Project("{FAE04EC0-301F-11D3-BF4B-00C04F79EFBC}") = "SimpleCalculator", "SimpleCalculator\SimpleCalculator.csproj", "{85EDF592-1416-452A-BABA-5B26F89E2D6B}"
EndProject
Global
	GlobalSection(SolutionConfigurationPlatforms) = preSolution
		Debug|Any CPU = Debug|Any CPU
		Release|Any CPU = Release|Any CPU
	EndGlobalSection
	GlobalSection(ProjectConfigurationPlatforms) = postSolution
		{85EDF592-1416-452A-BABA-5B26F89E2D6B}.Debug|Any CPU.ActiveCfg = Debug|Any CPU
		{85EDF592-1416-452A-BABA-5B26F89E2D6B}.Debug|Any CPU.Build.0 = Debug|Any CPU
		{85EDF592-1416-452A-BABA-5B26F89E2D6B}.Release|Any CPU.ActiveCfg = Release|Any CPU
		{85EDF592-1416-452A-BABA-5B26F89E2D6B}.Release|Any CPU.Build.0 = Release|Any CPU
	EndGlobalSection
	GlobalSection(SolutionProperties) = preSolution
		HideSolutionNode = FALSE
	EndGlobalSection
	GlobalSection(ExtensibilityGlobals) = postSolution
		SolutionGuid = {C2422592-32C9-44CD-B607-12E6A212170A}
	EndGlobalSection
EndGlobal
